
Microsoft Visual Studio Solution File, Format Version 12.00
# Visual Studio Version 17
VisualStudioVersion = 17.0.31903.59
MinimumVisualStudioVersion = 10.0.40219.1
Project("{2150E333-8FDC-42A3-9474-1A3956D46DE8}") = "src", "src", "{827E0CD3-B72D-47B6-A68D-7590B98EB39B}"
EndProject
Project("{FAE04EC0-301F-11D3-BF4B-00C04F79EFBC}") = "ClipboardPlugin.Cli", "src\ClipboardPlugin.Cli\ClipboardPlugin.Cli.csproj", "{9423D0F4-8CBC-44A7-9D8E-52C972FCE242}"
EndProject
Project("{FAE04EC0-301F-11D3-BF4B-00C04F79EFBC}") = "ClipboardPlugin", "src\ClipboardPlugin\ClipboardPlugin.csproj", "{2E727D1B-77D3-4A28-B1C4-7EBAE8D9E5FD}"
EndProject
Project("{FAE04EC0-301F-11D3-BF4B-00C04F79EFBC}") = "ClipboardPlugin.ExpressionEngine", "src\ClipboardPlugin.ExpressionEngine\ClipboardPlugin.ExpressionEngine.csproj", "{7157CD18-2A6D-4147-B373-53D6B4220A07}"
EndProject
Project("{FAE04EC0-301F-11D3-BF4B-00C04F79EFBC}") = "ClipboardPlugin.ExpressionEngine.Tests", "src\ClipboardPlugin.ExpressionEngine.Tests\ClipboardPlugin.ExpressionEngine.Tests.csproj", "{7A0619CE-38B2-40CC-BB0B-0DD227F3F133}"
EndProject
Project("{FAE04EC0-301F-11D3-BF4B-00C04F79EFBC}") = "ClipboardPlugin.Tests", "src\ClipboardPlugin.Tests\ClipboardPlugin.Tests.csproj", "{6A812978-3903-4DF2-89F6-0F303CB5047A}"
EndProject
Global
	GlobalSection(SolutionConfigurationPlatforms) = preSolution
		Debug|Any CPU = Debug|Any CPU
		Debug|x64 = Debug|x64
		Debug|x86 = Debug|x86
		Release|Any CPU = Release|Any CPU
		Release|x64 = Release|x64
		Release|x86 = Release|x86
	EndGlobalSection
	GlobalSection(ProjectConfigurationPlatforms) = postSolution
		{9423D0F4-8CBC-44A7-9D8E-52C972FCE242}.Debug|Any CPU.ActiveCfg = Debug|Any CPU
		{9423D0F4-8CBC-44A7-9D8E-52C972FCE242}.Debug|Any CPU.Build.0 = Debug|Any CPU
		{9423D0F4-8CBC-44A7-9D8E-52C972FCE242}.Debug|x64.ActiveCfg = Debug|Any CPU
		{9423D0F4-8CBC-44A7-9D8E-52C972FCE242}.Debug|x64.Build.0 = Debug|Any CPU
		{9423D0F4-8CBC-44A7-9D8E-52C972FCE242}.Debug|x86.ActiveCfg = Debug|Any CPU
		{9423D0F4-8CBC-44A7-9D8E-52C972FCE242}.Debug|x86.Build.0 = Debug|Any CPU
		{9423D0F4-8CBC-44A7-9D8E-52C972FCE242}.Release|Any CPU.ActiveCfg = Release|Any CPU
		{9423D0F4-8CBC-44A7-9D8E-52C972FCE242}.Release|Any CPU.Build.0 = Release|Any CPU
		{9423D0F4-8CBC-44A7-9D8E-52C972FCE242}.Release|x64.ActiveCfg = Release|Any CPU
		{9423D0F4-8CBC-44A7-9D8E-52C972FCE242}.Release|x64.Build.0 = Release|Any CPU
		{9423D0F4-8CBC-44A7-9D8E-52C972FCE242}.Release|x86.ActiveCfg = Release|Any CPU
		{9423D0F4-8CBC-44A7-9D8E-52C972FCE242}.Release|x86.Build.0 = Release|Any CPU
		{2E727D1B-77D3-4A28-B1C4-7EBAE8D9E5FD}.Debug|Any CPU.ActiveCfg = Debug|Any CPU
		{2E727D1B-77D3-4A28-B1C4-7EBAE8D9E5FD}.Debug|Any CPU.Build.0 = Debug|Any CPU
		{2E727D1B-77D3-4A28-B1C4-7EBAE8D9E5FD}.Debug|x64.ActiveCfg = Debug|Any CPU
		{2E727D1B-77D3-4A28-B1C4-7EBAE8D9E5FD}.Debug|x64.Build.0 = Debug|Any CPU
		{2E727D1B-77D3-4A28-B1C4-7EBAE8D9E5FD}.Debug|x86.ActiveCfg = Debug|Any CPU
		{2E727D1B-77D3-4A28-B1C4-7EBAE8D9E5FD}.Debug|x86.Build.0 = Debug|Any CPU
		{2E727D1B-77D3-4A28-B1C4-7EBAE8D9E5FD}.Release|Any CPU.ActiveCfg = Release|Any CPU
		{2E727D1B-77D3-4A28-B1C4-7EBAE8D9E5FD}.Release|Any CPU.Build.0 = Release|Any CPU
		{2E727D1B-77D3-4A28-B1C4-7EBAE8D9E5FD}.Release|x64.ActiveCfg = Release|Any CPU
		{2E727D1B-77D3-4A28-B1C4-7EBAE8D9E5FD}.Release|x64.Build.0 = Release|Any CPU
		{2E727D1B-77D3-4A28-B1C4-7EBAE8D9E5FD}.Release|x86.ActiveCfg = Release|Any CPU
		{2E727D1B-77D3-4A28-B1C4-7EBAE8D9E5FD}.Release|x86.Build.0 = Release|Any CPU
		{7157CD18-2A6D-4147-B373-53D6B4220A07}.Debug|Any CPU.ActiveCfg = Debug|Any CPU
		{7157CD18-2A6D-4147-B373-53D6B4220A07}.Debug|Any CPU.Build.0 = Debug|Any CPU
		{7157CD18-2A6D-4147-B373-53D6B4220A07}.Debug|x64.ActiveCfg = Debug|Any CPU
		{7157CD18-2A6D-4147-B373-53D6B4220A07}.Debug|x64.Build.0 = Debug|Any CPU
		{7157CD18-2A6D-4147-B373-53D6B4220A07}.Debug|x86.ActiveCfg = Debug|Any CPU
		{7157CD18-2A6D-4147-B373-53D6B4220A07}.Debug|x86.Build.0 = Debug|Any CPU
		{7157CD18-2A6D-4147-B373-53D6B4220A07}.Release|Any CPU.ActiveCfg = Release|Any CPU
		{7157CD18-2A6D-4147-B373-53D6B4220A07}.Release|Any CPU.Build.0 = Release|Any CPU
		{7157CD18-2A6D-4147-B373-53D6B4220A07}.Release|x64.ActiveCfg = Release|Any CPU
		{7157CD18-2A6D-4147-B373-53D6B4220A07}.Release|x64.Build.0 = Release|Any CPU
		{7157CD18-2A6D-4147-B373-53D6B4220A07}.Release|x86.ActiveCfg = Release|Any CPU
		{7157CD18-2A6D-4147-B373-53D6B4220A07}.Release|x86.Build.0 = Release|Any CPU
		{7A0619CE-38B2-40CC-BB0B-0DD227F3F133}.Debug|Any CPU.ActiveCfg = Debug|Any CPU
		{7A0619CE-38B2-40CC-BB0B-0DD227F3F133}.Debug|Any CPU.Build.0 = Debug|Any CPU
		{7A0619CE-38B2-40CC-BB0B-0DD227F3F133}.Debug|x64.ActiveCfg = Debug|Any CPU
		{7A0619CE-38B2-40CC-BB0B-0DD227F3F133}.Debug|x64.Build.0 = Debug|Any CPU
		{7A0619CE-38B2-40CC-BB0B-0DD227F3F133}.Debug|x86.ActiveCfg = Debug|Any CPU
		{7A0619CE-38B2-40CC-BB0B-0DD227F3F133}.Debug|x86.Build.0 = Debug|Any CPU
		{7A0619CE-38B2-40CC-BB0B-0DD227F3F133}.Release|Any CPU.ActiveCfg = Release|Any CPU
		{7A0619CE-38B2-40CC-BB0B-0DD227F3F133}.Release|Any CPU.Build.0 = Release|Any CPU
		{7A0619CE-38B2-40CC-BB0B-0DD227F3F133}.Release|x64.ActiveCfg = Release|Any CPU
		{7A0619CE-38B2-40CC-BB0B-0DD227F3F133}.Release|x64.Build.0 = Release|Any CPU
		{7A0619CE-38B2-40CC-BB0B-0DD227F3F133}.Release|x86.ActiveCfg = Release|Any CPU
		{7A0619CE-38B2-40CC-BB0B-0DD227F3F133}.Release|x86.Build.0 = Release|Any CPU
		{6A812978-3903-4DF2-89F6-0F303CB5047A}.Debug|Any CPU.ActiveCfg = Debug|Any CPU
		{6A812978-3903-4DF2-89F6-0F303CB5047A}.Debug|Any CPU.Build.0 = Debug|Any CPU
		{6A812978-3903-4DF2-89F6-0F303CB5047A}.Debug|x64.ActiveCfg = Debug|Any CPU
		{6A812978-3903-4DF2-89F6-0F303CB5047A}.Debug|x64.Build.0 = Debug|Any CPU
		{6A812978-3903-4DF2-89F6-0F303CB5047A}.Debug|x86.ActiveCfg = Debug|Any CPU
		{6A812978-3903-4DF2-89F6-0F303CB5047A}.Debug|x86.Build.0 = Debug|Any CPU
		{6A812978-3903-4DF2-89F6-0F303CB5047A}.Release|Any CPU.ActiveCfg = Release|Any CPU
		{6A812978-3903-4DF2-89F6-0F303CB5047A}.Release|Any CPU.Build.0 = Release|Any CPU
		{6A812978-3903-4DF2-89F6-0F303CB5047A}.Release|x64.ActiveCfg = Release|Any CPU
		{6A812978-3903-4DF2-89F6-0F303CB5047A}.Release|x64.Build.0 = Release|Any CPU
		{6A812978-3903-4DF2-89F6-0F303CB5047A}.Release|x86.ActiveCfg = Release|Any CPU
		{6A812978-3903-4DF2-89F6-0F303CB5047A}.Release|x86.Build.0 = Release|Any CPU
	EndGlobalSection
	GlobalSection(SolutionProperties) = preSolution
		HideSolutionNode = FALSE
	EndGlobalSection
	GlobalSection(NestedProjects) = preSolution
		{9423D0F4-8CBC-44A7-9D8E-52C972FCE242} = {827E0CD3-B72D-47B6-A68D-7590B98EB39B}
		{2E727D1B-77D3-4A28-B1C4-7EBAE8D9E5FD} = {827E0CD3-B72D-47B6-A68D-7590B98EB39B}
		{7157CD18-2A6D-4147-B373-53D6B4220A07} = {827E0CD3-B72D-47B6-A68D-7590B98EB39B}
		{7A0619CE-38B2-40CC-BB0B-0DD227F3F133} = {827E0CD3-B72D-47B6-A68D-7590B98EB39B}
		{6A812978-3903-4DF2-89F6-0F303CB5047A} = {827E0CD3-B72D-47B6-A68D-7590B98EB39B}
	EndGlobalSection
EndGlobal
